
Microsoft Visual Studio Solution File, Format Version 12.00
# Visual Studio Version 17
VisualStudioVersion = 17.6.33723.286
MinimumVisualStudioVersion = 10.0.40219.1
Project("{FAE04EC0-301F-11D3-BF4B-00C04F79EFBC}") = "EmprestimosLivros", "EmprestimosLivros\EmprestimosLivros.csproj", "{A95A4314-ADB3-4224-9DFA-4EE7DE2BBE39}"
EndProject
Global
	GlobalSection(SolutionConfigurationPlatforms) = preSolution
		Debug|Any CPU = Debug|Any CPU
		Release|Any CPU = Release|Any CPU
	EndGlobalSection
	GlobalSection(ProjectConfigurationPlatforms) = postSolution
		{A95A4314-ADB3-4224-9DFA-4EE7DE2BBE39}.Debug|Any CPU.ActiveCfg = Debug|Any CPU
		{A95A4314-ADB3-4224-9DFA-4EE7DE2BBE39}.Debug|Any CPU.Build.0 = Debug|Any CPU
		{A95A4314-ADB3-4224-9DFA-4EE7DE2BBE39}.Release|Any CPU.ActiveCfg = Release|Any CPU
		{A95A4314-ADB3-4224-9DFA-4EE7DE2BBE39}.Release|Any CPU.Build.0 = Release|Any CPU
	EndGlobalSection
	GlobalSection(SolutionProperties) = preSolution
		HideSolutionNode = FALSE
	EndGlobalSection
	GlobalSection(ExtensibilityGlobals) = postSolution
		SolutionGuid = {02700774-B076-468D-993B-ED3154C538AA}
	EndGlobalSection
EndGlobal
